
Microsoft Visual Studio Solution File, Format Version 12.00
# Visual Studio Version 17
VisualStudioVersion = 17.0.31903.59
MinimumVisualStudioVersion = 10.0.40219.1
Project("{FAE04EC0-301F-11D3-BF4B-00C04F79EFBC}") = "DCM.Api", "DCM.Api\DCM.Api.csproj", "{95A96D66-C4D6-4A7D-AE01-5764C94D8BF7}"
EndProject
Project("{FAE04EC0-301F-11D3-BF4B-00C04F79EFBC}") = "DCM.Core", "DCM.Core\DCM.Core.csproj", "{FC16466B-6CCD-4322-B5FE-B1E8C509CA79}"
EndProject
Project("{FAE04EC0-301F-11D3-BF4B-00C04F79EFBC}") = "DCM.Infrastructure", "DCM.Infrastructure\DCM.Infrastructure.csproj", "{E22FBCB9-99A3-41D8-AF06-F0F3AF7F5FE6}"
EndProject
Global
	GlobalSection(SolutionConfigurationPlatforms) = preSolution
		Debug|Any CPU = Debug|Any CPU
		Release|Any CPU = Release|Any CPU
	EndGlobalSection
	GlobalSection(SolutionProperties) = preSolution
		HideSolutionNode = FALSE
	EndGlobalSection
	GlobalSection(ProjectConfigurationPlatforms) = postSolution
		{95A96D66-C4D6-4A7D-AE01-5764C94D8BF7}.Debug|Any CPU.ActiveCfg = Debug|Any CPU
		{95A96D66-C4D6-4A7D-AE01-5764C94D8BF7}.Debug|Any CPU.Build.0 = Debug|Any CPU
		{95A96D66-C4D6-4A7D-AE01-5764C94D8BF7}.Release|Any CPU.ActiveCfg = Release|Any CPU
		{95A96D66-C4D6-4A7D-AE01-5764C94D8BF7}.Release|Any CPU.Build.0 = Release|Any CPU
		{FC16466B-6CCD-4322-B5FE-B1E8C509CA79}.Debug|Any CPU.ActiveCfg = Debug|Any CPU
		{FC16466B-6CCD-4322-B5FE-B1E8C509CA79}.Debug|Any CPU.Build.0 = Debug|Any CPU
		{FC16466B-6CCD-4322-B5FE-B1E8C509CA79}.Release|Any CPU.ActiveCfg = Release|Any CPU
		{FC16466B-6CCD-4322-B5FE-B1E8C509CA79}.Release|Any CPU.Build.0 = Release|Any CPU
		{E22FBCB9-99A3-41D8-AF06-F0F3AF7F5FE6}.Debug|Any CPU.ActiveCfg = Debug|Any CPU
		{E22FBCB9-99A3-41D8-AF06-F0F3AF7F5FE6}.Debug|Any CPU.Build.0 = Debug|Any CPU
		{E22FBCB9-99A3-41D8-AF06-F0F3AF7F5FE6}.Release|Any CPU.ActiveCfg = Release|Any CPU
		{E22FBCB9-99A3-41D8-AF06-F0F3AF7F5FE6}.Release|Any CPU.Build.0 = Release|Any CPU
	EndGlobalSection
EndGlobal
